
Microsoft Visual Studio Solution File, Format Version 12.00
# Visual Studio 15
VisualStudioVersion = 15.0.27004.2005
MinimumVisualStudioVersion = 10.0.40219.1
Project("{FAE04EC0-301F-11D3-BF4B-00C04F79EFBC}") = "DoaNota", "DoaNota\DoaNota.csproj", "{C1B6FB32-1333-45CA-8AAC-C8FCD53A0029}"
EndProject
Project("{FAE04EC0-301F-11D3-BF4B-00C04F79EFBC}") = "NotaParanaLib", "NotaParanaLib\NotaParanaLib.csproj", "{5080AD95-CF0B-4B79-83FF-AB09FF91427C}"
EndProject
Project("{FAE04EC0-301F-11D3-BF4B-00C04F79EFBC}") = "UnitTestNotaParanaLib", "UnitTestNotaParanaLib\UnitTestNotaParanaLib.csproj", "{DD62BCF8-AA8A-4791-8900-2F4739EA65F6}"
EndProject
Project("{FAE04EC0-301F-11D3-BF4B-00C04F79EFBC}") = "DoaNotaPortable", "DoaNota\DoaNotaPortable.csproj", "{4AFD90B2-70D0-4162-8556-C93497A8ECDC}"
EndProject
Global
	GlobalSection(SolutionConfigurationPlatforms) = preSolution
		Debug|Any CPU = Debug|Any CPU
		Release|Any CPU = Release|Any CPU
	EndGlobalSection
	GlobalSection(ProjectConfigurationPlatforms) = postSolution
		{C1B6FB32-1333-45CA-8AAC-C8FCD53A0029}.Debug|Any CPU.ActiveCfg = Debug|Any CPU
		{C1B6FB32-1333-45CA-8AAC-C8FCD53A0029}.Debug|Any CPU.Build.0 = Debug|Any CPU
		{C1B6FB32-1333-45CA-8AAC-C8FCD53A0029}.Release|Any CPU.ActiveCfg = Release|Any CPU
		{C1B6FB32-1333-45CA-8AAC-C8FCD53A0029}.Release|Any CPU.Build.0 = Release|Any CPU
		{5080AD95-CF0B-4B79-83FF-AB09FF91427C}.Debug|Any CPU.ActiveCfg = Debug|Any CPU
		{5080AD95-CF0B-4B79-83FF-AB09FF91427C}.Debug|Any CPU.Build.0 = Debug|Any CPU
		{5080AD95-CF0B-4B79-83FF-AB09FF91427C}.Release|Any CPU.ActiveCfg = Release|Any CPU
		{5080AD95-CF0B-4B79-83FF-AB09FF91427C}.Release|Any CPU.Build.0 = Release|Any CPU
		{DD62BCF8-AA8A-4791-8900-2F4739EA65F6}.Debug|Any CPU.ActiveCfg = Debug|Any CPU
		{DD62BCF8-AA8A-4791-8900-2F4739EA65F6}.Debug|Any CPU.Build.0 = Debug|Any CPU
		{DD62BCF8-AA8A-4791-8900-2F4739EA65F6}.Release|Any CPU.ActiveCfg = Release|Any CPU
		{DD62BCF8-AA8A-4791-8900-2F4739EA65F6}.Release|Any CPU.Build.0 = Release|Any CPU
		{4AFD90B2-70D0-4162-8556-C93497A8ECDC}.Debug|Any CPU.ActiveCfg = Debug|Any CPU
		{4AFD90B2-70D0-4162-8556-C93497A8ECDC}.Debug|Any CPU.Build.0 = Debug|Any CPU
		{4AFD90B2-70D0-4162-8556-C93497A8ECDC}.Release|Any CPU.ActiveCfg = Release|Any CPU
		{4AFD90B2-70D0-4162-8556-C93497A8ECDC}.Release|Any CPU.Build.0 = Release|Any CPU
	EndGlobalSection
	GlobalSection(SolutionProperties) = preSolution
		HideSolutionNode = FALSE
	EndGlobalSection
	GlobalSection(ExtensibilityGlobals) = postSolution
		SolutionGuid = {400F0D0B-24EA-4B62-9831-34942179A783}
	EndGlobalSection
EndGlobal
